
Microsoft Visual Studio Solution File, Format Version 12.00
# Visual Studio Version 17
VisualStudioVersion = 17.8.34330.188
MinimumVisualStudioVersion = 10.0.40219.1
Project("{FAE04EC0-301F-11D3-BF4B-00C04F79EFBC}") = "EM-Lab-1", "EM-Lab-1\EM-Lab-1.csproj", "{F7575A90-08D9-4390-85FD-BC0346654D3B}"
EndProject
Global
	GlobalSection(SolutionConfigurationPlatforms) = preSolution
		Debug|Any CPU = Debug|Any CPU
		Release|Any CPU = Release|Any CPU
	EndGlobalSection
	GlobalSection(ProjectConfigurationPlatforms) = postSolution
		{F7575A90-08D9-4390-85FD-BC0346654D3B}.Debug|Any CPU.ActiveCfg = Debug|Any CPU
		{F7575A90-08D9-4390-85FD-BC0346654D3B}.Debug|Any CPU.Build.0 = Debug|Any CPU
		{F7575A90-08D9-4390-85FD-BC0346654D3B}.Release|Any CPU.ActiveCfg = Release|Any CPU
		{F7575A90-08D9-4390-85FD-BC0346654D3B}.Release|Any CPU.Build.0 = Release|Any CPU
	EndGlobalSection
	GlobalSection(SolutionProperties) = preSolution
		HideSolutionNode = FALSE
	EndGlobalSection
	GlobalSection(ExtensibilityGlobals) = postSolution
		SolutionGuid = {FCEDE876-8207-4C3B-8001-0794CE03DC26}
	EndGlobalSection
EndGlobal
